
Microsoft Visual Studio Solution File, Format Version 12.00
# Visual Studio Version 17
VisualStudioVersion = 17.5.33516.290
MinimumVisualStudioVersion = 10.0.40219.1
Project("{E24C65DC-7377-472B-9ABA-BC803B73C61A}") = "SWADNETGPT", "SWADNETGPT\", "{63783BF7-18B6-4E18-8C06-43146D3AC8A3}"
	ProjectSection(WebsiteProperties) = preProject
		TargetFrameworkMoniker = ".NETFramework,Version%3Dv4.7.2"
		Debug.AspNetCompiler.VirtualPath = "/localhost_55505"
		Debug.AspNetCompiler.PhysicalPath = "SWADNETGPT\"
		Debug.AspNetCompiler.TargetPath = "PrecompiledWeb\localhost_55505\"
		Debug.AspNetCompiler.Updateable = "true"
		Debug.AspNetCompiler.ForceOverwrite = "true"
		Debug.AspNetCompiler.FixedNames = "false"
		Debug.AspNetCompiler.Debug = "True"
		Release.AspNetCompiler.VirtualPath = "/localhost_55505"
		Release.AspNetCompiler.PhysicalPath = "SWADNETGPT\"
		Release.AspNetCompiler.TargetPath = "PrecompiledWeb\localhost_55505\"
		Release.AspNetCompiler.Updateable = "true"
		Release.AspNetCompiler.ForceOverwrite = "true"
		Release.AspNetCompiler.FixedNames = "false"
		Release.AspNetCompiler.Debug = "False"
		VWDPort = "55505"
		SlnRelativePath = "SWADNETGPT\"
		DefaultWebSiteLanguage = "Visual C#"
	EndProjectSection
EndProject
Project("{E24C65DC-7377-472B-9ABA-BC803B73C61A}") = "SWLNGPT", "SWLNGPT\", "{FD4F225C-A2CF-401E-BB14-A18C6A6140E8}"
	ProjectSection(ProjectDependencies) = postProject
		{63783BF7-18B6-4E18-8C06-43146D3AC8A3} = {63783BF7-18B6-4E18-8C06-43146D3AC8A3}
	EndProjectSection
	ProjectSection(WebsiteProperties) = preProject
		TargetFrameworkMoniker = ".NETFramework,Version%3Dv4.7.2"
		Debug.AspNetCompiler.VirtualPath = "/localhost_55516"
		Debug.AspNetCompiler.PhysicalPath = "SWLNGPT\"
		Debug.AspNetCompiler.TargetPath = "PrecompiledWeb\localhost_55516\"
		Debug.AspNetCompiler.Updateable = "true"
		Debug.AspNetCompiler.ForceOverwrite = "true"
		Debug.AspNetCompiler.FixedNames = "false"
		Debug.AspNetCompiler.Debug = "True"
		Release.AspNetCompiler.VirtualPath = "/localhost_55516"
		Release.AspNetCompiler.PhysicalPath = "SWLNGPT\"
		Release.AspNetCompiler.TargetPath = "PrecompiledWeb\localhost_55516\"
		Release.AspNetCompiler.Updateable = "true"
		Release.AspNetCompiler.ForceOverwrite = "true"
		Release.AspNetCompiler.FixedNames = "false"
		Release.AspNetCompiler.Debug = "False"
		VWDPort = "55516"
		SlnRelativePath = "SWLNGPT\"
		DefaultWebSiteLanguage = "Visual C#"
	EndProjectSection
EndProject
Project("{E24C65DC-7377-472B-9ABA-BC803B73C61A}") = "WAGPT", "WAGPT\", "{B5FA23B3-6F7A-48DD-B5E2-515D080BE117}"
	ProjectSection(ProjectDependencies) = postProject
		{FD4F225C-A2CF-401E-BB14-A18C6A6140E8} = {FD4F225C-A2CF-401E-BB14-A18C6A6140E8}
	EndProjectSection
	ProjectSection(WebsiteProperties) = preProject
		TargetFrameworkMoniker = ".NETFramework,Version%3Dv4.7.2"
		Debug.AspNetCompiler.VirtualPath = "/localhost_55809"
		Debug.AspNetCompiler.PhysicalPath = "WAGPT\"
		Debug.AspNetCompiler.TargetPath = "PrecompiledWeb\localhost_55809\"
		Debug.AspNetCompiler.Updateable = "true"
		Debug.AspNetCompiler.ForceOverwrite = "true"
		Debug.AspNetCompiler.FixedNames = "false"
		Debug.AspNetCompiler.Debug = "True"
		Release.AspNetCompiler.VirtualPath = "/localhost_55809"
		Release.AspNetCompiler.PhysicalPath = "WAGPT\"
		Release.AspNetCompiler.TargetPath = "PrecompiledWeb\localhost_55809\"
		Release.AspNetCompiler.Updateable = "true"
		Release.AspNetCompiler.ForceOverwrite = "true"
		Release.AspNetCompiler.FixedNames = "false"
		Release.AspNetCompiler.Debug = "False"
		VWDPort = "55809"
		SlnRelativePath = "WAGPT\"
		DefaultWebSiteLanguage = "Visual C#"
	EndProjectSection
EndProject
Global
	GlobalSection(SolutionConfigurationPlatforms) = preSolution
		Debug|Any CPU = Debug|Any CPU
	EndGlobalSection
	GlobalSection(ProjectConfigurationPlatforms) = postSolution
		{63783BF7-18B6-4E18-8C06-43146D3AC8A3}.Debug|Any CPU.ActiveCfg = Debug|Any CPU
		{63783BF7-18B6-4E18-8C06-43146D3AC8A3}.Debug|Any CPU.Build.0 = Debug|Any CPU
		{FD4F225C-A2CF-401E-BB14-A18C6A6140E8}.Debug|Any CPU.ActiveCfg = Debug|Any CPU
		{FD4F225C-A2CF-401E-BB14-A18C6A6140E8}.Debug|Any CPU.Build.0 = Debug|Any CPU
		{B5FA23B3-6F7A-48DD-B5E2-515D080BE117}.Debug|Any CPU.ActiveCfg = Debug|Any CPU
		{B5FA23B3-6F7A-48DD-B5E2-515D080BE117}.Debug|Any CPU.Build.0 = Debug|Any CPU
	EndGlobalSection
	GlobalSection(SolutionProperties) = preSolution
		HideSolutionNode = FALSE
	EndGlobalSection
	GlobalSection(ExtensibilityGlobals) = postSolution
		EnterpriseLibraryConfigurationToolBinariesPath = packages\EnterpriseLibrary.Data.5.0.505.0\lib\NET35;packages\Unity.2.1.505.0\lib\NET35;packages\Unity.Interception.2.1.505.0\lib\NET35;packages\EnterpriseLibrary.Common.5.0.505.0\lib\NET35
		SolutionGuid = {F6CE996E-6ECA-42BF-B4AA-9D6D6ADDC3B9}
		EnterpriseLibraryConfigurationToolBinariesPathV6 = packages\EnterpriseLibrary.Common.6.0.1304.0\lib\NET45;packages\EnterpriseLibrary.Data.6.0.1304.0\lib\NET45
	EndGlobalSection
EndGlobal
